Microsoft Visual Studio Solution File, Format Version 12.00
# Visual Studio Version 17
VisualStudioVersion = 17.0.31912.275
MinimumVisualStudioVersion = 10.0.40219.1
Project("{2150E333-8FDC-42A3-9474-1A3956D46DE8}") = "1.CommunicationTest", "1.CommunicationTest", "{69277EC8-CDC2-4935-96BC-FF53CAE7F0CE}"
EndProject
Project("{9A19103F-16F7-4668-BE54-9A1E7A4F7556}") = "Zhaoxi.CommunicationTest", "Zhaoxi.CommunicationTest\Zhaoxi.CommunicationTest.csproj", "{4CF1F62B-3B28-4B6D-BDA1-2B61E4AC6AB6}"
EndProject
Project("{2150E333-8FDC-42A3-9474-1A3956D46DE8}") = "2.Communication", "2.Communication", "{E7BF392F-F149-478E-94A8-D4F9A940984A}"
EndProject
Project("{FAE04EC0-301F-11D3-BF4B-00C04F79EFBC}") = "Zhaoxi.Communication", "Zhaoxi.Communication\Zhaoxi.Communication.csproj", "{2AAAF512-E2CB-43D0-AC03-F3A820C6EEE1}"
EndProject
Global
	GlobalSection(SolutionConfigurationPlatforms) = preSolution
		Debug|Any CPU = Debug|Any CPU
		Release|Any CPU = Release|Any CPU
	EndGlobalSection
	GlobalSection(ProjectConfigurationPlatforms) = postSolution
		{4CF1F62B-3B28-4B6D-BDA1-2B61E4AC6AB6}.Debug|Any CPU.ActiveCfg = Debug|Any CPU
		{4CF1F62B-3B28-4B6D-BDA1-2B61E4AC6AB6}.Debug|Any CPU.Build.0 = Debug|Any CPU
		{4CF1F62B-3B28-4B6D-BDA1-2B61E4AC6AB6}.Release|Any CPU.ActiveCfg = Release|Any CPU
		{4CF1F62B-3B28-4B6D-BDA1-2B61E4AC6AB6}.Release|Any CPU.Build.0 = Release|Any CPU
		{2AAAF512-E2CB-43D0-AC03-F3A820C6EEE1}.Debug|Any CPU.ActiveCfg = Debug|Any CPU
		{2AAAF512-E2CB-43D0-AC03-F3A820C6EEE1}.Debug|Any CPU.Build.0 = Debug|Any CPU
		{2AAAF512-E2CB-43D0-AC03-F3A820C6EEE1}.Release|Any CPU.ActiveCfg = Release|Any CPU
		{2AAAF512-E2CB-43D0-AC03-F3A820C6EEE1}.Release|Any CPU.Build.0 = Release|Any CPU
	EndGlobalSection
	GlobalSection(SolutionProperties) = preSolution
		HideSolutionNode = FALSE
	EndGlobalSection
	GlobalSection(NestedProjects) = preSolution
		{4CF1F62B-3B28-4B6D-BDA1-2B61E4AC6AB6} = {69277EC8-CDC2-4935-96BC-FF53CAE7F0CE}
		{2AAAF512-E2CB-43D0-AC03-F3A820C6EEE1} = {E7BF392F-F149-478E-94A8-D4F9A940984A}
	EndGlobalSection
	GlobalSection(ExtensibilityGlobals) = postSolution
		SolutionGuid = {FC0382A1-3C02-47E0-880A-706C43DA72A2}
	EndGlobalSection
EndGlobal
